
Microsoft Visual Studio Solution File, Format Version 12.00
# Visual Studio Version 17
VisualStudioVersion = 17.6.33815.320
MinimumVisualStudioVersion = 10.0.40219.1
Project("{9A19103F-16F7-4668-BE54-9A1E7A4F7556}") = "Udemy_Project-1", "Udemy_Project-1\Udemy_Project-1.csproj", "{E9036071-FBF3-4A2C-882F-83FB8B7A112E}"
EndProject
Project("{9A19103F-16F7-4668-BE54-9A1E7A4F7556}") = "ConsumingApiSection", "ConsumingApiSection\ConsumingApiSection.csproj", "{33876A90-0C97-4039-9C6F-51626AD5214E}"
EndProject
Project("{9A19103F-16F7-4668-BE54-9A1E7A4F7556}") = "Utility", "Utility\Utility.csproj", "{B5CC3401-A955-4533-9659-61AEB5E9A9F4}"
EndProject
Global
	GlobalSection(SolutionConfigurationPlatforms) = preSolution
		Debug|Any CPU = Debug|Any CPU
		Release|Any CPU = Release|Any CPU
	EndGlobalSection
	GlobalSection(ProjectConfigurationPlatforms) = postSolution
		{E9036071-FBF3-4A2C-882F-83FB8B7A112E}.Debug|Any CPU.ActiveCfg = Debug|Any CPU
		{E9036071-FBF3-4A2C-882F-83FB8B7A112E}.Debug|Any CPU.Build.0 = Debug|Any CPU
		{E9036071-FBF3-4A2C-882F-83FB8B7A112E}.Release|Any CPU.ActiveCfg = Release|Any CPU
		{E9036071-FBF3-4A2C-882F-83FB8B7A112E}.Release|Any CPU.Build.0 = Release|Any CPU
		{33876A90-0C97-4039-9C6F-51626AD5214E}.Debug|Any CPU.ActiveCfg = Debug|Any CPU
		{33876A90-0C97-4039-9C6F-51626AD5214E}.Debug|Any CPU.Build.0 = Debug|Any CPU
		{33876A90-0C97-4039-9C6F-51626AD5214E}.Release|Any CPU.ActiveCfg = Release|Any CPU
		{33876A90-0C97-4039-9C6F-51626AD5214E}.Release|Any CPU.Build.0 = Release|Any CPU
		{B5CC3401-A955-4533-9659-61AEB5E9A9F4}.Debug|Any CPU.ActiveCfg = Debug|Any CPU
		{B5CC3401-A955-4533-9659-61AEB5E9A9F4}.Debug|Any CPU.Build.0 = Debug|Any CPU
		{B5CC3401-A955-4533-9659-61AEB5E9A9F4}.Release|Any CPU.ActiveCfg = Release|Any CPU
		{B5CC3401-A955-4533-9659-61AEB5E9A9F4}.Release|Any CPU.Build.0 = Release|Any CPU
	EndGlobalSection
	GlobalSection(SolutionProperties) = preSolution
		HideSolutionNode = FALSE
	EndGlobalSection
	GlobalSection(ExtensibilityGlobals) = postSolution
		SolutionGuid = {1EAFDA89-C455-451E-9DE5-BC0D6A708009}
	EndGlobalSection
EndGlobal
